
Microsoft Visual Studio Solution File, Format Version 12.00
# Visual Studio Version 16
VisualStudioVersion = 16.0.31424.327
MinimumVisualStudioVersion = 10.0.40219.1
Project("{FAE04EC0-301F-11D3-BF4B-00C04F79EFBC}") = "Is_Palindrome_Check", "Is_Palindrome_Check.csproj", "{550CC11F-77E2-4A26-BC3B-8BAF718F1F4D}"
EndProject
Project("{FAE04EC0-301F-11D3-BF4B-00C04F79EFBC}") = "StringLibraryTest", "StringLibraryTest\StringLibraryTest.csproj", "{03BE9319-0819-4565-AC96-4BFE3C5DCA81}"
EndProject
Global
	GlobalSection(SolutionConfigurationPlatforms) = preSolution
		Debug|Any CPU = Debug|Any CPU
		Release|Any CPU = Release|Any CPU
	EndGlobalSection
	GlobalSection(ProjectConfigurationPlatforms) = postSolution
		{550CC11F-77E2-4A26-BC3B-8BAF718F1F4D}.Debug|Any CPU.ActiveCfg = Debug|Any CPU
		{550CC11F-77E2-4A26-BC3B-8BAF718F1F4D}.Debug|Any CPU.Build.0 = Debug|Any CPU
		{550CC11F-77E2-4A26-BC3B-8BAF718F1F4D}.Release|Any CPU.ActiveCfg = Release|Any CPU
		{550CC11F-77E2-4A26-BC3B-8BAF718F1F4D}.Release|Any CPU.Build.0 = Release|Any CPU
		{03BE9319-0819-4565-AC96-4BFE3C5DCA81}.Debug|Any CPU.ActiveCfg = Debug|Any CPU
		{03BE9319-0819-4565-AC96-4BFE3C5DCA81}.Debug|Any CPU.Build.0 = Debug|Any CPU
		{03BE9319-0819-4565-AC96-4BFE3C5DCA81}.Release|Any CPU.ActiveCfg = Release|Any CPU
		{03BE9319-0819-4565-AC96-4BFE3C5DCA81}.Release|Any CPU.Build.0 = Release|Any CPU
	EndGlobalSection
	GlobalSection(SolutionProperties) = preSolution
		HideSolutionNode = FALSE
	EndGlobalSection
	GlobalSection(ExtensibilityGlobals) = postSolution
		SolutionGuid = {0E9E9355-3B48-4DFA-90EE-40935CC5F2D3}
	EndGlobalSection
EndGlobal
